
Microsoft Visual Studio Solution File, Format Version 12.00
# Visual Studio Version 17
VisualStudioVersion = 17.5.33414.496
MinimumVisualStudioVersion = 10.0.40219.1
Project("{8BC9CEB8-8B4A-11D0-8D11-00A0C91BC942}") = "ParadigmaOOP2_186", "ProblemMultiWaris\ProblemMultiWaris.vcxproj", "{63DAC340-6538-4402-B73D-0B9E033A5B77}"
EndProject
Project("{8BC9CEB8-8B4A-11D0-8D11-00A0C91BC942}") = "SolveMultiWaris_186", "SolveMultiWaris_186\SolveMultiWaris_186.vcxproj", "{9EBFA3BF-5708-41F1-8155-73687B1BB576}"
EndProject
Project("{8BC9CEB8-8B4A-11D0-8D11-00A0C91BC942}") = "Polimorpi_186", "Polimorpi_186\Polimorpi_186.vcxproj", "{F2FBFE9F-838B-4299-A70A-2801ED2C749C}"
EndProject
Project("{8BC9CEB8-8B4A-11D0-8D11-00A0C91BC942}") = "noOverriding_186", "noOverriding_186\noOverriding_186.vcxproj", "{9285D213-9E4B-411C-80D3-72BF265A9FB4}"
EndProject
Global
	GlobalSection(SolutionConfigurationPlatforms) = preSolution
		Debug|x64 = Debug|x64
		Debug|x86 = Debug|x86
		Release|x64 = Release|x64
		Release|x86 = Release|x86
	EndGlobalSection
	GlobalSection(ProjectConfigurationPlatforms) = postSolution
		{63DAC340-6538-4402-B73D-0B9E033A5B77}.Debug|x64.ActiveCfg = Debug|x64
		{63DAC340-6538-4402-B73D-0B9E033A5B77}.Debug|x64.Build.0 = Debug|x64
		{63DAC340-6538-4402-B73D-0B9E033A5B77}.Debug|x86.ActiveCfg = Debug|Win32
		{63DAC340-6538-4402-B73D-0B9E033A5B77}.Debug|x86.Build.0 = Debug|Win32
		{63DAC340-6538-4402-B73D-0B9E033A5B77}.Release|x64.ActiveCfg = Release|x64
		{63DAC340-6538-4402-B73D-0B9E033A5B77}.Release|x64.Build.0 = Release|x64
		{63DAC340-6538-4402-B73D-0B9E033A5B77}.Release|x86.ActiveCfg = Release|Win32
		{63DAC340-6538-4402-B73D-0B9E033A5B77}.Release|x86.Build.0 = Release|Win32
		{9EBFA3BF-5708-41F1-8155-73687B1BB576}.Debug|x64.ActiveCfg = Debug|x64
		{9EBFA3BF-5708-41F1-8155-73687B1BB576}.Debug|x64.Build.0 = Debug|x64
		{9EBFA3BF-5708-41F1-8155-73687B1BB576}.Debug|x86.ActiveCfg = Debug|Win32
		{9EBFA3BF-5708-41F1-8155-73687B1BB576}.Debug|x86.Build.0 = Debug|Win32
		{9EBFA3BF-5708-41F1-8155-73687B1BB576}.Release|x64.ActiveCfg = Release|x64
		{9EBFA3BF-5708-41F1-8155-73687B1BB576}.Release|x64.Build.0 = Release|x64
		{9EBFA3BF-5708-41F1-8155-73687B1BB576}.Release|x86.ActiveCfg = Release|Win32
		{9EBFA3BF-5708-41F1-8155-73687B1BB576}.Release|x86.Build.0 = Release|Win32
		{F2FBFE9F-838B-4299-A70A-2801ED2C749C}.Debug|x64.ActiveCfg = Debug|x64
		{F2FBFE9F-838B-4299-A70A-2801ED2C749C}.Debug|x64.Build.0 = Debug|x64
		{F2FBFE9F-838B-4299-A70A-2801ED2C749C}.Debug|x86.ActiveCfg = Debug|Win32
		{F2FBFE9F-838B-4299-A70A-2801ED2C749C}.Debug|x86.Build.0 = Debug|Win32
		{F2FBFE9F-838B-4299-A70A-2801ED2C749C}.Release|x64.ActiveCfg = Release|x64
		{F2FBFE9F-838B-4299-A70A-2801ED2C749C}.Release|x64.Build.0 = Release|x64
		{F2FBFE9F-838B-4299-A70A-2801ED2C749C}.Release|x86.ActiveCfg = Release|Win32
		{F2FBFE9F-838B-4299-A70A-2801ED2C749C}.Release|x86.Build.0 = Release|Win32
		{9285D213-9E4B-411C-80D3-72BF265A9FB4}.Debug|x64.ActiveCfg = Debug|x64
		{9285D213-9E4B-411C-80D3-72BF265A9FB4}.Debug|x64.Build.0 = Debug|x64
		{9285D213-9E4B-411C-80D3-72BF265A9FB4}.Debug|x86.ActiveCfg = Debug|Win32
		{9285D213-9E4B-411C-80D3-72BF265A9FB4}.Debug|x86.Build.0 = Debug|Win32
		{9285D213-9E4B-411C-80D3-72BF265A9FB4}.Release|x64.ActiveCfg = Release|x64
		{9285D213-9E4B-411C-80D3-72BF265A9FB4}.Release|x64.Build.0 = Release|x64
		{9285D213-9E4B-411C-80D3-72BF265A9FB4}.Release|x86.ActiveCfg = Release|Win32
		{9285D213-9E4B-411C-80D3-72BF265A9FB4}.Release|x86.Build.0 = Release|Win32
	EndGlobalSection
	GlobalSection(SolutionProperties) = preSolution
		HideSolutionNode = FALSE
	EndGlobalSection
	GlobalSection(ExtensibilityGlobals) = postSolution
		SolutionGuid = {AD5A2E98-BE85-456B-A74B-F08171B56113}
	EndGlobalSection
EndGlobal
